
Microsoft Visual Studio Solution File, Format Version 12.00
# Visual Studio 2013
VisualStudioVersion = 12.0.21005.1
MinimumVisualStudioVersion = 10.0.40219.1
Project("{FAE04EC0-301F-11D3-BF4B-00C04F79EFBC}") = "haccp.web", "haccp.web\haccp.web.csproj", "{59A5B63A-1310-42D1-A7C8-5F315090055E}"
EndProject
Project("{FAE04EC0-301F-11D3-BF4B-00C04F79EFBC}") = "haccp.web.Tests", "haccp.web.Tests\haccp.web.Tests.csproj", "{FE3F71C3-82E0-467A-8C4D-E021E5CEAF78}"
EndProject
Global
	GlobalSection(SolutionConfigurationPlatforms) = preSolution
		Debug|Any CPU = Debug|Any CPU
		Release|Any CPU = Release|Any CPU
	EndGlobalSection
	GlobalSection(ProjectConfigurationPlatforms) = postSolution
		{59A5B63A-1310-42D1-A7C8-5F315090055E}.Debug|Any CPU.ActiveCfg = Debug|Any CPU
		{59A5B63A-1310-42D1-A7C8-5F315090055E}.Debug|Any CPU.Build.0 = Debug|Any CPU
		{59A5B63A-1310-42D1-A7C8-5F315090055E}.Release|Any CPU.ActiveCfg = Release|Any CPU
		{59A5B63A-1310-42D1-A7C8-5F315090055E}.Release|Any CPU.Build.0 = Release|Any CPU
		{FE3F71C3-82E0-467A-8C4D-E021E5CEAF78}.Debug|Any CPU.ActiveCfg = Debug|Any CPU
		{FE3F71C3-82E0-467A-8C4D-E021E5CEAF78}.Debug|Any CPU.Build.0 = Debug|Any CPU
		{FE3F71C3-82E0-467A-8C4D-E021E5CEAF78}.Release|Any CPU.ActiveCfg = Release|Any CPU
		{FE3F71C3-82E0-467A-8C4D-E021E5CEAF78}.Release|Any CPU.Build.0 = Release|Any CPU
	EndGlobalSection
	GlobalSection(SolutionProperties) = preSolution
		HideSolutionNode = FALSE
	EndGlobalSection
EndGlobal
